
Microsoft Visual Studio Solution File, Format Version 12.00
# Visual Studio Version 17
VisualStudioVersion = 17.14.36518.9 d17.14
MinimumVisualStudioVersion = 10.0.40219.1
Project("{FAE04EC0-301F-11D3-BF4B-00C04F79EFBC}") = "HospitalPortalWasm", "HospitalPortalWasm.csproj", "{86AB6EDA-FC97-4030-8180-0B8F1F717BD6}"
EndProject
Global
	GlobalSection(SolutionConfigurationPlatforms) = preSolution
		Debug|Any CPU = Debug|Any CPU
		Release|Any CPU = Release|Any CPU
	EndGlobalSection
	GlobalSection(ProjectConfigurationPlatforms) = postSolution
		{86AB6EDA-FC97-4030-8180-0B8F1F717BD6}.Debug|Any CPU.ActiveCfg = Debug|Any CPU
		{86AB6EDA-FC97-4030-8180-0B8F1F717BD6}.Debug|Any CPU.Build.0 = Debug|Any CPU
		{86AB6EDA-FC97-4030-8180-0B8F1F717BD6}.Release|Any CPU.ActiveCfg = Release|Any CPU
		{86AB6EDA-FC97-4030-8180-0B8F1F717BD6}.Release|Any CPU.Build.0 = Release|Any CPU
	EndGlobalSection
	GlobalSection(SolutionProperties) = preSolution
		HideSolutionNode = FALSE
	EndGlobalSection
	GlobalSection(ExtensibilityGlobals) = postSolution
		SolutionGuid = {460701D2-0067-49F2-9604-F1998FBA4625}
	EndGlobalSection
EndGlobal
